
Microsoft Visual Studio Solution File, Format Version 12.00
# Visual Studio Version 17
VisualStudioVersion = 17.14.36616.10 d17.14
MinimumVisualStudioVersion = 10.0.40219.1
Project("{FAE04EC0-301F-11D3-BF4B-00C04F79EFBC}") = "lab-2-task-assignment", "lab-2-task-assignment\lab-2-task-assignment.csproj", "{8ABCFBFC-9B00-433C-ACCF-55EFD9A84857}"
EndProject
Global
	GlobalSection(SolutionConfigurationPlatforms) = preSolution
		Debug|Any CPU = Debug|Any CPU
		Release|Any CPU = Release|Any CPU
	EndGlobalSection
	GlobalSection(ProjectConfigurationPlatforms) = postSolution
		{8ABCFBFC-9B00-433C-ACCF-55EFD9A84857}.Debug|Any CPU.ActiveCfg = Debug|Any CPU
		{8ABCFBFC-9B00-433C-ACCF-55EFD9A84857}.Debug|Any CPU.Build.0 = Debug|Any CPU
		{8ABCFBFC-9B00-433C-ACCF-55EFD9A84857}.Release|Any CPU.ActiveCfg = Release|Any CPU
		{8ABCFBFC-9B00-433C-ACCF-55EFD9A84857}.Release|Any CPU.Build.0 = Release|Any CPU
	EndGlobalSection
	GlobalSection(SolutionProperties) = preSolution
		HideSolutionNode = FALSE
	EndGlobalSection
	GlobalSection(ExtensibilityGlobals) = postSolution
		SolutionGuid = {CCA328F7-381D-483B-A5D5-278FF622D91C}
	EndGlobalSection
EndGlobal
