
Microsoft Visual Studio Solution File, Format Version 12.00
# Visual Studio Version 17
VisualStudioVersion = 17.14.36616.10
MinimumVisualStudioVersion = 10.0.40219.1
Project("{FAE04EC0-301F-11D3-BF4B-00C04F79EFBC}") = "lab-3-assignment", "lab-3\lab-3-assignment.csproj", "{13CD3575-833A-4EAF-B793-C400F5CBE018}"
EndProject
Global
	GlobalSection(SolutionConfigurationPlatforms) = preSolution
		Debug|Any CPU = Debug|Any CPU
		Release|Any CPU = Release|Any CPU
	EndGlobalSection
	GlobalSection(ProjectConfigurationPlatforms) = postSolution
		{13CD3575-833A-4EAF-B793-C400F5CBE018}.Debug|Any CPU.ActiveCfg = Debug|Any CPU
		{13CD3575-833A-4EAF-B793-C400F5CBE018}.Debug|Any CPU.Build.0 = Debug|Any CPU
		{13CD3575-833A-4EAF-B793-C400F5CBE018}.Release|Any CPU.ActiveCfg = Release|Any CPU
		{13CD3575-833A-4EAF-B793-C400F5CBE018}.Release|Any CPU.Build.0 = Release|Any CPU
	EndGlobalSection
	GlobalSection(SolutionProperties) = preSolution
		HideSolutionNode = FALSE
	EndGlobalSection
	GlobalSection(ExtensibilityGlobals) = postSolution
		SolutionGuid = {B4FA6784-1C7A-442C-9E11-659626437781}
	EndGlobalSection
EndGlobal
